
Microsoft Visual Studio Solution File, Format Version 12.00
# Visual Studio Version 17
VisualStudioVersion = 17.0.31903.59
MinimumVisualStudioVersion = 10.0.40219.1
Project("{FAE04EC0-301F-11D3-BF4B-00C04F79EFBC}") = "BillingService", "BillingService\BillingService.csproj", "{32156A85-171B-4916-9645-7D72F40FDBFE}"
EndProject
Project("{FAE04EC0-301F-11D3-BF4B-00C04F79EFBC}") = "AuthService", "AuthService\AuthService.csproj", "{7E06CECE-C37E-4D84-AEBE-BFBAE270FCEE}"
EndProject
Project("{FAE04EC0-301F-11D3-BF4B-00C04F79EFBC}") = "ApiGateway", "ApiGateway\ApiGateway.csproj", "{B1A050D1-E695-4A67-922C-F039DCC07D61}"
EndProject
Global
	GlobalSection(SolutionConfigurationPlatforms) = preSolution
		Debug|Any CPU = Debug|Any CPU
		Debug|x64 = Debug|x64
		Debug|x86 = Debug|x86
		Release|Any CPU = Release|Any CPU
		Release|x64 = Release|x64
		Release|x86 = Release|x86
	EndGlobalSection
	GlobalSection(ProjectConfigurationPlatforms) = postSolution
		{32156A85-171B-4916-9645-7D72F40FDBFE}.Debug|Any CPU.ActiveCfg = Debug|Any CPU
		{32156A85-171B-4916-9645-7D72F40FDBFE}.Debug|Any CPU.Build.0 = Debug|Any CPU
		{32156A85-171B-4916-9645-7D72F40FDBFE}.Debug|x64.ActiveCfg = Debug|Any CPU
		{32156A85-171B-4916-9645-7D72F40FDBFE}.Debug|x64.Build.0 = Debug|Any CPU
		{32156A85-171B-4916-9645-7D72F40FDBFE}.Debug|x86.ActiveCfg = Debug|Any CPU
		{32156A85-171B-4916-9645-7D72F40FDBFE}.Debug|x86.Build.0 = Debug|Any CPU
		{32156A85-171B-4916-9645-7D72F40FDBFE}.Release|Any CPU.ActiveCfg = Release|Any CPU
		{32156A85-171B-4916-9645-7D72F40FDBFE}.Release|Any CPU.Build.0 = Release|Any CPU
		{32156A85-171B-4916-9645-7D72F40FDBFE}.Release|x64.ActiveCfg = Release|Any CPU
		{32156A85-171B-4916-9645-7D72F40FDBFE}.Release|x64.Build.0 = Release|Any CPU
		{32156A85-171B-4916-9645-7D72F40FDBFE}.Release|x86.ActiveCfg = Release|Any CPU
		{32156A85-171B-4916-9645-7D72F40FDBFE}.Release|x86.Build.0 = Release|Any CPU
		{7E06CECE-C37E-4D84-AEBE-BFBAE270FCEE}.Debug|Any CPU.ActiveCfg = Debug|Any CPU
		{7E06CECE-C37E-4D84-AEBE-BFBAE270FCEE}.Debug|Any CPU.Build.0 = Debug|Any CPU
		{7E06CECE-C37E-4D84-AEBE-BFBAE270FCEE}.Debug|x64.ActiveCfg = Debug|Any CPU
		{7E06CECE-C37E-4D84-AEBE-BFBAE270FCEE}.Debug|x64.Build.0 = Debug|Any CPU
		{7E06CECE-C37E-4D84-AEBE-BFBAE270FCEE}.Debug|x86.ActiveCfg = Debug|Any CPU
		{7E06CECE-C37E-4D84-AEBE-BFBAE270FCEE}.Debug|x86.Build.0 = Debug|Any CPU
		{7E06CECE-C37E-4D84-AEBE-BFBAE270FCEE}.Release|Any CPU.ActiveCfg = Release|Any CPU
		{7E06CECE-C37E-4D84-AEBE-BFBAE270FCEE}.Release|Any CPU.Build.0 = Release|Any CPU
		{7E06CECE-C37E-4D84-AEBE-BFBAE270FCEE}.Release|x64.ActiveCfg = Release|Any CPU
		{7E06CECE-C37E-4D84-AEBE-BFBAE270FCEE}.Release|x64.Build.0 = Release|Any CPU
		{7E06CECE-C37E-4D84-AEBE-BFBAE270FCEE}.Release|x86.ActiveCfg = Release|Any CPU
		{7E06CECE-C37E-4D84-AEBE-BFBAE270FCEE}.Release|x86.Build.0 = Release|Any CPU
		{B1A050D1-E695-4A67-922C-F039DCC07D61}.Debug|Any CPU.ActiveCfg = Debug|Any CPU
		{B1A050D1-E695-4A67-922C-F039DCC07D61}.Debug|Any CPU.Build.0 = Debug|Any CPU
		{B1A050D1-E695-4A67-922C-F039DCC07D61}.Debug|x64.ActiveCfg = Debug|Any CPU
		{B1A050D1-E695-4A67-922C-F039DCC07D61}.Debug|x64.Build.0 = Debug|Any CPU
		{B1A050D1-E695-4A67-922C-F039DCC07D61}.Debug|x86.ActiveCfg = Debug|Any CPU
		{B1A050D1-E695-4A67-922C-F039DCC07D61}.Debug|x86.Build.0 = Debug|Any CPU
		{B1A050D1-E695-4A67-922C-F039DCC07D61}.Release|Any CPU.ActiveCfg = Release|Any CPU
		{B1A050D1-E695-4A67-922C-F039DCC07D61}.Release|Any CPU.Build.0 = Release|Any CPU
		{B1A050D1-E695-4A67-922C-F039DCC07D61}.Release|x64.ActiveCfg = Release|Any CPU
		{B1A050D1-E695-4A67-922C-F039DCC07D61}.Release|x64.Build.0 = Release|Any CPU
		{B1A050D1-E695-4A67-922C-F039DCC07D61}.Release|x86.ActiveCfg = Release|Any CPU
		{B1A050D1-E695-4A67-922C-F039DCC07D61}.Release|x86.Build.0 = Release|Any CPU
	EndGlobalSection
	GlobalSection(SolutionProperties) = preSolution
		HideSolutionNode = FALSE
	EndGlobalSection
EndGlobal
